// !$*UTF8*$!
{
	archiveVersion = 1;
	classes = {
	};
	objectVersion = 77;
	objects = {

/* Begin PBXBuildFile section */
		420B8873F2660D76E1855456 /* Pods_row1.framework in Frameworks */ = {isa = PBXBuildFile; fileRef = F8E1ABDD6478BDDD3FBF5EE6 /* Pods_row1.framework */; };
		5C33D8722EDC849D00527815 /* libetpan.a in Frameworks */ = {isa = PBXBuildFile; fileRef = 5C33D8712EDC849D00527815 /* libetpan.a */; };
		5C33D8732EDC849D00527815 /* libetpan.a in Frameworks */ = {isa = PBXBuildFile; fileRef = 5C33D8712EDC849D00527815 /* libetpan.a */; };
		5C33DDE92EDC9D0800527815 /* libz.tbd in Frameworks */ = {isa = PBXBuildFile; fileRef = 5C33DDE82EDC9D0800527815 /* libz.tbd */; };
		5C33DDEB2EDC9D1A00527815 /* libsasl2.tbd in Frameworks */ = {isa = PBXBuildFile; fileRef = 5C33DDEA2EDC9D1A00527815 /* libsasl2.tbd */; };
		5C33DDED2EDC9D2700527815 /* libiconv.tbd in Frameworks */ = {isa = PBXBuildFile; fileRef = 5C33DDEC2EDC9D2700527815 /* libiconv.tbd */; };
		5C33DDEF2EDC9D2F00527815 /* libresolv.tbd in Frameworks */ = {isa = PBXBuildFile; fileRef = 5C33DDEE2EDC9D2F00527815 /* libresolv.tbd */; };
		5C33DDF12EDC9D3800527815 /* Security.framework in Frameworks */ = {isa = PBXBuildFile; fileRef = 5C33DDF02EDC9D3800527815 /* Security.framework */; };
		5C33DDF32EDC9D4100527815 /* CFNetwork.framework in Frameworks */ = {isa = PBXBuildFile; fileRef = 5C33DDF22EDC9D4100527815 /* CFNetwork.framework */; };
/* End PBXBuildFile section */

/* Begin PBXContainerItemProxy section */
		5C04238E2ECD793000821B50 /* PBXContainerItemProxy */ = {
			isa = PBXContainerItemProxy;
			containerPortal = 5C0423762ECD792D00821B50 /* Project object */;
			proxyType = 1;
			remoteGlobalIDString = 5C04237D2ECD792D00821B50;
			remoteInfo = row1;
		};
		5C0423982ECD793000821B50 /* PBXContainerItemProxy */ = {
			isa = PBXContainerItemProxy;
			containerPortal = 5C0423762ECD792D00821B50 /* Project object */;
			proxyType = 1;
			remoteGlobalIDString = 5C04237D2ECD792D00821B50;
			remoteInfo = row1;
		};
/* End PBXContainerItemProxy section */

/* Begin PBXFileReference section */
		29D214D841CB811225CD3A43 /* Pods-typecho.debug.xcconfig */ = {isa = PBXFileReference; includeInIndex = 1; lastKnownFileType = text.xcconfig; name = "Pods-typecho.debug.xcconfig"; path = "Target Support Files/Pods-typecho/Pods-typecho.debug.xcconfig"; sourceTree = "<group>"; };
		5C04237E2ECD792D00821B50 /* row1.app */ = {isa = PBXFileReference; explicitFileType = wrapper.application; includeInIndex = 0; path = row1.app; sourceTree = BUILT_PRODUCTS_DIR; };
		5C04238D2ECD793000821B50 /* typecho.xctest */ = {isa = PBXFileReference; explicitFileType = wrapper.cfbundle; includeInIndex = 0; path = typecho.xctest; sourceTree = BUILT_PRODUCTS_DIR; };
		5C0423972ECD793000821B50 /* fastvUITests.xctest */ = {isa = PBXFileReference; explicitFileType = wrapper.cfbundle; includeInIndex = 0; name = fastvUITests.xctest; path = typecho.xctest; sourceTree = BUILT_PRODUCTS_DIR; };
		5C33D8712EDC849D00527815 /* libetpan.a */ = {isa = PBXFileReference; lastKnownFileType = archive.ar; path = libetpan.a; sourceTree = "<group>"; };
		5C33DDE82EDC9D0800527815 /* libz.tbd */ = {isa = PBXFileReference; lastKnownFileType = "sourcecode.text-based-dylib-definition"; name = libz.tbd; path = usr/lib/libz.tbd; sourceTree = SDKROOT; };
		5C33DDEA2EDC9D1A00527815 /* libsasl2.tbd */ = {isa = PBXFileReference; lastKnownFileType = "sourcecode.text-based-dylib-definition"; name = libsasl2.tbd; path = usr/lib/libsasl2.tbd; sourceTree = SDKROOT; };
		5C33DDEC2EDC9D2700527815 /* libiconv.tbd */ = {isa = PBXFileReference; lastKnownFileType = "sourcecode.text-based-dylib-definition"; name = libiconv.tbd; path = usr/lib/libiconv.tbd; sourceTree = SDKROOT; };
		5C33DDEE2EDC9D2F00527815 /* libresolv.tbd */ = {isa = PBXFileReference; lastKnownFileType = "sourcecode.text-based-dylib-definition"; name = libresolv.tbd; path = usr/lib/libresolv.tbd; sourceTree = SDKROOT; };
		5C33DDF02EDC9D3800527815 /* Security.framework */ = {isa = PBXFileReference; lastKnownFileType = wrapper.framework; name = Security.framework; path = System/Library/Frameworks/Security.framework; sourceTree = SDKROOT; };
		5C33DDF22EDC9D4100527815 /* CFNetwork.framework */ = {isa = PBXFileReference; lastKnownFileType = wrapper.framework; name = CFNetwork.framework; path = System/Library/Frameworks/CFNetwork.framework; sourceTree = SDKROOT; };
		5EF571A6A0DA73C2DB42978C /* Pods-typecho.release.xcconfig */ = {isa = PBXFileReference; includeInIndex = 1; lastKnownFileType = text.xcconfig; name = "Pods-typecho.release.xcconfig"; path = "Target Support Files/Pods-typecho/Pods-typecho.release.xcconfig"; sourceTree = "<group>"; };
		7D031418607FBBB6418EECC7 /* Pods-row1.debug.xcconfig */ = {isa = PBXFileReference; includeInIndex = 1; lastKnownFileType = text.xcconfig; name = "Pods-row1.debug.xcconfig"; path = "Target Support Files/Pods-row1/Pods-row1.debug.xcconfig"; sourceTree = "<group>"; };
		DC0B03A35A134716360C9BD8 /* Pods-row1.release.xcconfig */ = {isa = PBXFileReference; includeInIndex = 1; lastKnownFileType = text.xcconfig; name = "Pods-row1.release.xcconfig"; path = "Target Support Files/Pods-row1/Pods-row1.release.xcconfig"; sourceTree = "<group>"; };
		F8E1ABDD6478BDDD3FBF5EE6 /* Pods_row1.framework */ = {isa = PBXFileReference; explicitFileType = wrapper.framework; includeInIndex = 0; path = Pods_row1.framework; sourceTree = BUILT_PRODUCTS_DIR; };
/* End PBXFileReference section */

/* Begin PBXFileSystemSynchronizedRootGroup section */
		5C0423802ECD792D00821B50 /* fastv */ = {
			isa = PBXFileSystemSynchronizedRootGroup;
			exceptions = (
			);
			path = fastv;
			sourceTree = "<group>";
		};
		5C0423902ECD793000821B50 /* fastvTests */ = {
			isa = PBXFileSystemSynchronizedRootGroup;
			exceptions = (
			);
			path = fastvTests;
			sourceTree = "<group>";
		};
		5C04239A2ECD793000821B50 /* fastvUITests */ = {
			isa = PBXFileSystemSynchronizedRootGroup;
			exceptions = (
			);
			path = fastvUITests;
			sourceTree = "<group>";
		};
/* End PBXFileSystemSynchronizedRootGroup section */

/* Begin PBXFrameworksBuildPhase section */
		5C04237B2ECD792D00821B50 /* Frameworks */ = {
			isa = PBXFrameworksBuildPhase;
			buildActionMask = 2147483647;
			files = (
				5C33DDF32EDC9D4100527815 /* CFNetwork.framework in Frameworks */,
				5C33DDF12EDC9D3800527815 /* Security.framework in Frameworks */,
				5C33DDEF2EDC9D2F00527815 /* libresolv.tbd in Frameworks */,
				5C33DDED2EDC9D2700527815 /* libiconv.tbd in Frameworks */,
				5C33DDEB2EDC9D1A00527815 /* libsasl2.tbd in Frameworks */,
				5C33DDE92EDC9D0800527815 /* libz.tbd in Frameworks */,
				5C33D8722EDC849D00527815 /* libetpan.a in Frameworks */,
				420B8873F2660D76E1855456 /* Pods_row1.framework in Frameworks */,
			);
			runOnlyForDeploymentPostprocessing = 0;
		};
		5C04238A2ECD793000821B50 /* Frameworks */ = {
			isa = PBXFrameworksBuildPhase;
			buildActionMask = 2147483647;
			files = (
				5C33D8732EDC849D00527815 /* libetpan.a in Frameworks */,
			);
			runOnlyForDeploymentPostprocessing = 0;
		};
		5C0423942ECD793000821B50 /* Frameworks */ = {
			isa = PBXFrameworksBuildPhase;
			buildActionMask = 2147483647;
			files = (
			);
			runOnlyForDeploymentPostprocessing = 0;
		};
/* End PBXFrameworksBuildPhase section */

/* Begin PBXGroup section */
		0966A4D65B81DE6EE4B14886 /* Pods */ = {
			isa = PBXGroup;
			children = (
				29D214D841CB811225CD3A43 /* Pods-typecho.debug.xcconfig */,
				5EF571A6A0DA73C2DB42978C /* Pods-typecho.release.xcconfig */,
				7D031418607FBBB6418EECC7 /* Pods-row1.debug.xcconfig */,
				DC0B03A35A134716360C9BD8 /* Pods-row1.release.xcconfig */,
			);
			path = Pods;
			sourceTree = "<group>";
		};
		5C0423752ECD792D00821B50 = {
			isa = PBXGroup;
			children = (
				5C33D8712EDC849D00527815 /* libetpan.a */,
				5C0423802ECD792D00821B50 /* fastv */,
				5C0423902ECD793000821B50 /* fastvTests */,
				5C04239A2ECD793000821B50 /* fastvUITests */,
				5C04237F2ECD792D00821B50 /* Products */,
				0966A4D65B81DE6EE4B14886 /* Pods */,
				E65830A71AE08364D55B68BA /* Frameworks */,
			);
			sourceTree = "<group>";
		};
		5C04237F2ECD792D00821B50 /* Products */ = {
			isa = PBXGroup;
			children = (
				5C04237E2ECD792D00821B50 /* row1.app */,
				5C04238D2ECD793000821B50 /* typecho.xctest */,
				5C0423972ECD793000821B50 /* fastvUITests.xctest */,
			);
			name = Products;
			sourceTree = "<group>";
		};
		E65830A71AE08364D55B68BA /* Frameworks */ = {
			isa = PBXGroup;
			children = (
				5C33DDF22EDC9D4100527815 /* CFNetwork.framework */,
				5C33DDF02EDC9D3800527815 /* Security.framework */,
				5C33DDEE2EDC9D2F00527815 /* libresolv.tbd */,
				5C33DDEC2EDC9D2700527815 /* libiconv.tbd */,
				5C33DDEA2EDC9D1A00527815 /* libsasl2.tbd */,
				5C33DDE82EDC9D0800527815 /* libz.tbd */,
				F8E1ABDD6478BDDD3FBF5EE6 /* Pods_row1.framework */,
			);
			name = Frameworks;
			sourceTree = "<group>";
		};
/* End PBXGroup section */

/* Begin PBXNativeTarget section */
		5C04237D2ECD792D00821B50 /* row1 */ = {
			isa = PBXNativeTarget;
			buildConfigurationList = 5C0423A12ECD793000821B50 /* Build configuration list for PBXNativeTarget "row1" */;
			buildPhases = (
				24ADEB328C96006508A84D48 /* [CP] Check Pods Manifest.lock */,
				5C04237A2ECD792D00821B50 /* Sources */,
				5C04237B2ECD792D00821B50 /* Frameworks */,
				5C04237C2ECD792D00821B50 /* Resources */,
				5C0423AC2ECD793000821B50 /* Copy ONNX Runtime Library */,
				5C0423AD2ECD793000821B50 /* Sign ONNX Runtime Library */,
				4424C78EDC2E93B7ADD40B32 /* [CP] Embed Pods Frameworks */,
			);
			buildRules = (
			);
			dependencies = (
			);
			fileSystemSynchronizedGroups = (
				5C0423802ECD792D00821B50 /* fastv */,
			);
			name = row1;
			productName = row1;
			productReference = 5C04237E2ECD792D00821B50 /* row1.app */;
			productType = "com.apple.product-type.application";
		};
		5C04238C2ECD793000821B50 /* fastvTests */ = {
			isa = PBXNativeTarget;
			buildConfigurationList = 5C0423A42ECD793000821B50 /* Build configuration list for PBXNativeTarget "fastvTests" */;
			buildPhases = (
				5C0423892ECD793000821B50 /* Sources */,
				5C04238A2ECD793000821B50 /* Frameworks */,
				5C04238B2ECD793000821B50 /* Resources */,
			);
			buildRules = (
			);
			dependencies = (
				5C04238F2ECD793000821B50 /* PBXTargetDependency */,
			);
			fileSystemSynchronizedGroups = (
				5C0423902ECD793000821B50 /* fastvTests */,
			);
			name = fastvTests;
			productName = fastvTests;
			productReference = 5C04238D2ECD793000821B50 /* typecho.xctest */;
			productType = "com.apple.product-type.bundle.unit-test";
		};
		5C0423962ECD793000821B50 /* fastvUITests */ = {
			isa = PBXNativeTarget;
			buildConfigurationList = 5C0423A72ECD793000821B50 /* Build configuration list for PBXNativeTarget "fastvUITests" */;
			buildPhases = (
				5C0423932ECD793000821B50 /* Sources */,
				5C0423942ECD793000821B50 /* Frameworks */,
				5C0423952ECD793000821B50 /* Resources */,
			);
			buildRules = (
			);
			dependencies = (
				5C0423992ECD793000821B50 /* PBXTargetDependency */,
			);
			fileSystemSynchronizedGroups = (
				5C04239A2ECD793000821B50 /* fastvUITests */,
			);
			name = fastvUITests;
			productName = fastvUITests;
			productReference = 5C0423972ECD793000821B50 /* fastvUITests.xctest */;
			productType = "com.apple.product-type.bundle.ui-testing";
		};
/* End PBXNativeTarget section */

/* Begin PBXProject section */
		5C0423762ECD792D00821B50 /* Project object */ = {
			isa = PBXProject;
			attributes = {
				BuildIndependentTargetsInParallel = 1;
				LastSwiftUpdateCheck = 2600;
				LastUpgradeCheck = 2600;
				TargetAttributes = {
					5C04237D2ECD792D00821B50 = {
						CreatedOnToolsVersion = 26.0.1;
					};
					5C04238C2ECD793000821B50 = {
						CreatedOnToolsVersion = 26.0.1;
						TestTargetID = 5C04237D2ECD792D00821B50;
					};
					5C0423962ECD793000821B50 = {
						CreatedOnToolsVersion = 26.0.1;
						TestTargetID = 5C04237D2ECD792D00821B50;
					};
				};
			};
			buildConfigurationList = 5C0423792ECD792D00821B50 /* Build configuration list for PBXProject "fastv" */;
			developmentRegion = en;
			hasScannedForEncodings = 0;
			knownRegions = (
				en,
				Base,
				ja,
				"zh-Hans",
				ko,
				yue,
			);
			mainGroup = 5C0423752ECD792D00821B50;
			minimizedProjectReferenceProxies = 1;
			preferredProjectObjectVersion = 77;
			productRefGroup = 5C04237F2ECD792D00821B50 /* Products */;
			projectDirPath = "";
			projectRoot = "";
			targets = (
				5C04237D2ECD792D00821B50 /* row1 */,
				5C04238C2ECD793000821B50 /* fastvTests */,
				5C0423962ECD793000821B50 /* fastvUITests */,
			);
		};
/* End PBXProject section */

/* Begin PBXResourcesBuildPhase section */
		5C04237C2ECD792D00821B50 /* Resources */ = {
			isa = PBXResourcesBuildPhase;
			buildActionMask = 2147483647;
			files = (
			);
			runOnlyForDeploymentPostprocessing = 0;
		};
		5C04238B2ECD793000821B50 /* Resources */ = {
			isa = PBXResourcesBuildPhase;
			buildActionMask = 2147483647;
			files = (
			);
			runOnlyForDeploymentPostprocessing = 0;
		};
		5C0423952ECD793000821B50 /* Resources */ = {
			isa = PBXResourcesBuildPhase;
			buildActionMask = 2147483647;
			files = (
			);
			runOnlyForDeploymentPostprocessing = 0;
		};
/* End PBXResourcesBuildPhase section */

/* Begin PBXShellScriptBuildPhase section */
		24ADEB328C96006508A84D48 /* [CP] Check Pods Manifest.lock */ = {
			isa = PBXShellScriptBuildPhase;
			buildActionMask = 2147483647;
			files = (
			);
			inputFileListPaths = (
			);
			inputPaths = (
				"${PODS_PODFILE_DIR_PATH}/Podfile.lock",
				"${PODS_ROOT}/Manifest.lock",
			);
			name = "[CP] Check Pods Manifest.lock";
			outputFileListPaths = (
			);
			outputPaths = (
				"$(DERIVED_FILE_DIR)/Pods-row1-checkManifestLockResult.txt",
			);
			runOnlyForDeploymentPostprocessing = 0;
			shellPath = /bin/sh;
			shellScript = "diff \"${PODS_PODFILE_DIR_PATH}/Podfile.lock\" \"${PODS_ROOT}/Manifest.lock\" > /dev/null\nif [ $? != 0 ] ; then\n    # print error to STDERR\n    echo \"error: The sandbox is not in sync with the Podfile.lock. Run 'pod install' or update your CocoaPods installation.\" >&2\n    exit 1\nfi\n# This output is used by Xcode 'outputs' to avoid re-running this script phase.\necho \"SUCCESS\" > \"${SCRIPT_OUTPUT_FILE_0}\"\n";
			showEnvVarsInLog = 0;
		};
		4424C78EDC2E93B7ADD40B32 /* [CP] Embed Pods Frameworks */ = {
			isa = PBXShellScriptBuildPhase;
			buildActionMask = 2147483647;
			files = (
			);
			inputFileListPaths = (
				"${PODS_ROOT}/Target Support Files/Pods-row1/Pods-row1-frameworks-${CONFIGURATION}-input-files.xcfilelist",
			);
			name = "[CP] Embed Pods Frameworks";
			outputFileListPaths = (
				"${PODS_ROOT}/Target Support Files/Pods-row1/Pods-row1-frameworks-${CONFIGURATION}-output-files.xcfilelist",
			);
			runOnlyForDeploymentPostprocessing = 0;
			shellPath = /bin/sh;
			shellScript = "\"${PODS_ROOT}/Target Support Files/Pods-row1/Pods-row1-frameworks.sh\"\n";
			showEnvVarsInLog = 0;
		};
		5C0423AC2ECD793000821B50 /* Copy ONNX Runtime Library */ = {
			isa = PBXShellScriptBuildPhase;
			alwaysOutOfDate = 1;
			buildActionMask = 2147483647;
			files = (
			);
			inputFileListPaths = (
			);
			inputPaths = (
				"$(SRCROOT)/Libraries/onnxruntime/current/lib/libonnxruntime.1.23.2.dylib",
			);
			name = "Copy ONNX Runtime Library";
			outputFileListPaths = (
			);
			outputPaths = (
				"$(BUILT_PRODUCTS_DIR)/$(FRAMEWORKS_FOLDER_PATH)/libonnxruntime.1.23.2.dylib",
			);
			runOnlyForDeploymentPostprocessing = 0;
			shellPath = /bin/sh;
			shellScript = "# 复制库文件（不签名，等待应用签名后再签名）\nmkdir -p \"${BUILT_PRODUCTS_DIR}/${FRAMEWORKS_FOLDER_PATH}\"\ncp -f \"${SRCROOT}/Libraries/onnxruntime/current/lib/libonnxruntime.1.23.2.dylib\" \"${BUILT_PRODUCTS_DIR}/${FRAMEWORKS_FOLDER_PATH}/libonnxruntime.1.23.2.dylib\"\n# 创建符号链接\ncd \"${BUILT_PRODUCTS_DIR}/${FRAMEWORKS_FOLDER_PATH}\"\nrm -f libonnxruntime.dylib\nln -s libonnxruntime.1.23.2.dylib libonnxruntime.dylib\n# 移除旧的代码签名（如果有）\ncodesign --remove-signature \"${BUILT_PRODUCTS_DIR}/${FRAMEWORKS_FOLDER_PATH}/libonnxruntime.1.23.2.dylib\" 2>/dev/null || true\necho \"✅ 库文件已复制（将在应用签名后重新签名）\"\n";
		};
		5C0423AD2ECD793000821B50 /* Sign ONNX Runtime Library */ = {
			isa = PBXShellScriptBuildPhase;
			alwaysOutOfDate = 1;
			buildActionMask = 2147483647;
			files = (
			);
			inputFileListPaths = (
			);
			inputPaths = (
				"$(BUILT_PRODUCTS_DIR)/$(FRAMEWORKS_FOLDER_PATH)/libonnxruntime.1.23.2.dylib",
			);
			name = "Sign ONNX Runtime Library";
			outputFileListPaths = (
			);
			outputPaths = (
			);
			runOnlyForDeploymentPostprocessing = 0;
			shellPath = /bin/sh;
			shellScript = "# 在应用签名之前，使用与项目配置相同的签名身份签名库文件\nLIB_PATH=\"${BUILT_PRODUCTS_DIR}/${FRAMEWORKS_FOLDER_PATH}/libonnxruntime.1.23.2.dylib\"\n\nif [ ! -f \"${LIB_PATH}\" ]; then\n    echo \"⚠️  库文件不存在: ${LIB_PATH}\"\n    exit 0\nfi\n\n# 确定签名身份\nSIGN_IDENTITY=\"\"\n\n# 优先使用 EXPANDED_CODE_SIGN_IDENTITY（如果可用，这是 Xcode 选择的完整签名身份）\nif [ -n \"${EXPANDED_CODE_SIGN_IDENTITY}\" ] && [ \"${EXPANDED_CODE_SIGN_IDENTITY}\" != \"-\" ]; then\n    # 如果是哈希值，查找对应的证书名称\n    if echo \"${EXPANDED_CODE_SIGN_IDENTITY}\" | grep -qE '^[0-9A-F]{40}$'; then\n        SIGN_IDENTITY=$(security find-identity -v -p codesigning 2>/dev/null | grep \"${EXPANDED_CODE_SIGN_IDENTITY}\" | sed 's/.*\"\\(.*\\)\".*/\\1/' || echo \"\")\n        if [ -n \"${SIGN_IDENTITY}\" ]; then\n            echo \"🔍 使用 EXPANDED_CODE_SIGN_IDENTITY 对应的证书: ${SIGN_IDENTITY}\"\n        fi\n    else\n        SIGN_IDENTITY=\"${EXPANDED_CODE_SIGN_IDENTITY}\"\n        echo \"🔍 使用 EXPANDED_CODE_SIGN_IDENTITY: ${SIGN_IDENTITY}\"\n    fi\n# 否则使用 DEVELOPMENT_TEAM 查找匹配的证书\nelif [ -n \"${DEVELOPMENT_TEAM}\" ]; then\n    # 查找所有证书，然后通过临时签名来检查 Team ID\n    ALL_CERTS=$(security find-identity -v -p codesigning 2>/dev/null | grep -E \"Apple Development|Developer ID\")\n    TEMP_FILE=\"/tmp/test_sign_$$.dylib\"\n    touch \"${TEMP_FILE}\"\n    \n    echo \"${ALL_CERTS}\" | while IFS= read -r cert_line; do\n        cert_hash=$(echo \"${cert_line}\" | sed -n 's/^[[:space:]]*[0-9]*)[[:space:]]*\\([0-9A-F]*\\).*/\\1/p')\n        cert_name=$(echo \"${cert_line}\" | sed -n 's/.*\"\\(.*\\)\".*/\\1/p')\n        if [ -n \"${cert_hash}\" ] && [ -n \"${cert_name}\" ]; then\n            # 尝试使用此证书签名临时文件，然后检查 Team ID\n            if codesign --force --sign \"${cert_hash}\" \"${TEMP_FILE}\" 2>/dev/null; then\n                cert_team=$(codesign -dvv \"${TEMP_FILE}\" 2>&1 | grep \"TeamIdentifier=\" | sed 's/.*TeamIdentifier=\\([^ ]*\\).*/\\1/' || echo \"\")\n                codesign --remove-signature \"${TEMP_FILE}\" 2>/dev/null || true\n                \n                if [ \"${cert_team}\" = \"${DEVELOPMENT_TEAM}\" ]; then\n                    SIGN_IDENTITY=\"${cert_name}\"\n                    echo \"🔍 找到匹配 Team ID ${DEVELOPMENT_TEAM} 的证书: ${SIGN_IDENTITY}\"\n                    break\n                fi\n            fi\n        fi\n    done\n    \n    rm -f \"${TEMP_FILE}\"\nfi\n\n# 如果找不到，尝试使用 CODE_SIGN_IDENTITY（但可能不完整）\nif [ -z \"${SIGN_IDENTITY}\" ] && [ -n \"${CODE_SIGN_IDENTITY}\" ] && [ \"${CODE_SIGN_IDENTITY}\" != \"-\" ]; then\n    # 如果 CODE_SIGN_IDENTITY 包含完整名称，直接使用\n    if echo \"${CODE_SIGN_IDENTITY}\" | grep -q \":\"; then\n        SIGN_IDENTITY=\"${CODE_SIGN_IDENTITY}\"\n        echo \"🔍 使用 CODE_SIGN_IDENTITY: ${SIGN_IDENTITY}\"\n    else\n        # 否则尝试查找完整的签名身份\n        SIGN_IDENTITY=$(security find-identity -v -p codesigning 2>/dev/null | grep \"${CODE_SIGN_IDENTITY}\" | grep -E \"Apple Development|Developer ID\" | head -1 | sed 's/.*\"\\(.*\\)\".*/\\1/' || echo \"\")\n        if [ -n \"${SIGN_IDENTITY}\" ]; then\n            echo \"🔍 找到完整签名证书: ${SIGN_IDENTITY}\"\n        fi\n    fi\nfi\n\n# 如果找不到签名身份，使用 ad-hoc 签名\nif [ -z \"${SIGN_IDENTITY}\" ]; then\n    SIGN_IDENTITY=\"-\"\n    echo \"⚠️  未找到签名证书，使用 ad-hoc 签名（仅开发）\"\nfi\n\n# 移除库文件的旧签名\necho \"🔧 移除库文件旧签名...\"\ncodesign --remove-signature \"${LIB_PATH}\" 2>/dev/null || true\n\n# 使用相同的签名重新签名库文件\necho \"🔧 使用 ${SIGN_IDENTITY} 签名库文件...\"\nSIGN_SUCCESS=false\n\n# 尝试签名（不使用 --options runtime，因为开发证书可能不支持）\nif codesign --force --sign \"${SIGN_IDENTITY}\" --timestamp=none \"${LIB_PATH}\" 2>&1; then\n    SIGN_SUCCESS=true\n    echo \"✅ 库文件签名成功\"\nelse\n    # 如果失败，尝试 ad-hoc 签名\n    echo \"⚠️  签名失败，尝试 ad-hoc 签名...\"\n    if codesign --force --sign - --timestamp=none \"${LIB_PATH}\" 2>&1; then\n        SIGN_SUCCESS=true\n        echo \"✅ 库文件使用 ad-hoc 签名成功\"\n    fi\nfi\n\n# 验证签名\nif [ \"${SIGN_SUCCESS}\" = true ]; then\n    if codesign -v \"${LIB_PATH}\" 2>/dev/null; then\n        LIB_TEAM=$(codesign -dvv \"${LIB_PATH}\" 2>&1 | grep \"TeamIdentifier=\" | sed 's/.*TeamIdentifier=\\([^ ]*\\).*/\\1/' || echo \"\")\n        if [ -n \"${LIB_TEAM}\" ]; then\n            echo \"✅ 库文件签名完成，Team ID: ${LIB_TEAM}\"\n        else\n            echo \"✅ 库文件签名完成（ad-hoc）\"\n        fi\n    else\n        echo \"⚠️  库文件签名验证失败\"\n        exit 1\n    fi\nelse\n    echo \"❌ 库文件签名失败\"\n    exit 1\nfi\n";
		};
/* End PBXShellScriptBuildPhase section */

/* Begin PBXSourcesBuildPhase section */
		5C04237A2ECD792D00821B50 /* Sources */ = {
			isa = PBXSourcesBuildPhase;
			buildActionMask = 2147483647;
			files = (
			);
			runOnlyForDeploymentPostprocessing = 0;
		};
		5C0423892ECD793000821B50 /* Sources */ = {
			isa = PBXSourcesBuildPhase;
			buildActionMask = 2147483647;
			files = (
			);
			runOnlyForDeploymentPostprocessing = 0;
		};
		5C0423932ECD793000821B50 /* Sources */ = {
			isa = PBXSourcesBuildPhase;
			buildActionMask = 2147483647;
			files = (
			);
			runOnlyForDeploymentPostprocessing = 0;
		};
/* End PBXSourcesBuildPhase section */

/* Begin PBXTargetDependency section */
		5C04238F2ECD793000821B50 /* PBXTargetDependency */ = {
			isa = PBXTargetDependency;
			target = 5C04237D2ECD792D00821B50 /* row1 */;
			targetProxy = 5C04238E2ECD793000821B50 /* PBXContainerItemProxy */;
		};
		5C0423992ECD793000821B50 /* PBXTargetDependency */ = {
			isa = PBXTargetDependency;
			target = 5C04237D2ECD792D00821B50 /* row1 */;
			targetProxy = 5C0423982ECD793000821B50 /* PBXContainerItemProxy */;
		};
/* End PBXTargetDependency section */

/* Begin XCBuildConfiguration section */
		5C04239F2ECD793000821B50 /* Debug */ = {
			isa = XCBuildConfiguration;
			buildSettings = {
				ALWAYS_SEARCH_USER_PATHS = NO;
				ASSETCATALOG_COMPILER_GENERATE_SWIFT_ASSET_SYMBOL_EXTENSIONS = YES;
				CLANG_ANALYZER_NONNULL = YES;
				CLANG_ANALYZER_NUMBER_OBJECT_CONVERSION = YES_AGGRESSIVE;
				CLANG_CXX_LANGUAGE_STANDARD = "gnu++20";
				CLANG_ENABLE_MODULES = YES;
				CLANG_ENABLE_OBJC_ARC = YES;
				CLANG_ENABLE_OBJC_WEAK = YES;
				CLANG_WARN_BLOCK_CAPTURE_AUTORELEASING = YES;
				CLANG_WARN_BOOL_CONVERSION = YES;
				CLANG_WARN_COMMA = YES;
				CLANG_WARN_CONSTANT_CONVERSION = YES;
				CLANG_WARN_DEPRECATED_OBJC_IMPLEMENTATIONS = YES;
				CLANG_WARN_DIRECT_OBJC_ISA_USAGE = YES_ERROR;
				CLANG_WARN_DOCUMENTATION_COMMENTS = YES;
				CLANG_WARN_EMPTY_BODY = YES;
				CLANG_WARN_ENUM_CONVERSION = YES;
				CLANG_WARN_INFINITE_RECURSION = YES;
				CLANG_WARN_INT_CONVERSION = YES;
				CLANG_WARN_NON_LITERAL_NULL_CONVERSION = YES;
				CLANG_WARN_OBJC_IMPLICIT_RETAIN_SELF = YES;
				CLANG_WARN_OBJC_LITERAL_CONVERSION = YES;
				CLANG_WARN_OBJC_ROOT_CLASS = YES_ERROR;
				CLANG_WARN_QUOTED_INCLUDE_IN_FRAMEWORK_HEADER = YES;
				CLANG_WARN_RANGE_LOOP_ANALYSIS = YES;
				CLANG_WARN_STRICT_PROTOTYPES = YES;
				CLANG_WARN_SUSPICIOUS_MOVE = YES;
				CLANG_WARN_UNGUARDED_AVAILABILITY = YES_AGGRESSIVE;
				CLANG_WARN_UNREACHABLE_CODE = YES;
				CLANG_WARN__DUPLICATE_METHOD_MATCH = YES;
				COPY_PHASE_STRIP = NO;
				DEBUG_INFORMATION_FORMAT = dwarf;
				DEVELOPMENT_TEAM = ZH2S7D6PL6;
				ENABLE_STRICT_OBJC_MSGSEND = YES;
				ENABLE_TESTABILITY = YES;
				ENABLE_USER_SCRIPT_SANDBOXING = NO;
				GCC_C_LANGUAGE_STANDARD = gnu17;
				GCC_DYNAMIC_NO_PIC = NO;
				GCC_NO_COMMON_BLOCKS = YES;
				GCC_OPTIMIZATION_LEVEL = 0;
				GCC_PREPROCESSOR_DEFINITIONS = (
					"DEBUG=1",
					"$(inherited)",
				);
				GCC_WARN_64_TO_32_BIT_CONVERSION = YES;
				GCC_WARN_ABOUT_RETURN_TYPE = YES_ERROR;
				GCC_WARN_UNDECLARED_SELECTOR = YES;
				GCC_WARN_UNINITIALIZED_AUTOS = YES_AGGRESSIVE;
				GCC_WARN_UNUSED_FUNCTION = YES;
				GCC_WARN_UNUSED_VARIABLE = YES;
				LOCALIZATION_PREFERS_STRING_CATALOGS = YES;
				MACOSX_DEPLOYMENT_TARGET = 26.0;
				MTL_ENABLE_DEBUG_INFO = INCLUDE_SOURCE;
				MTL_FAST_MATH = YES;
				ONLY_ACTIVE_ARCH = YES;
				SDKROOT = macosx;
				SWIFT_ACTIVE_COMPILATION_CONDITIONS = "DEBUG $(inherited)";
				SWIFT_OPTIMIZATION_LEVEL = "-Onone";
			};
			name = Debug;
		};
		5C0423A02ECD793000821B50 /* Release */ = {
			isa = XCBuildConfiguration;
			buildSettings = {
				ALWAYS_SEARCH_USER_PATHS = NO;
				ASSETCATALOG_COMPILER_GENERATE_SWIFT_ASSET_SYMBOL_EXTENSIONS = YES;
				CLANG_ANALYZER_NONNULL = YES;
				CLANG_ANALYZER_NUMBER_OBJECT_CONVERSION = YES_AGGRESSIVE;
				CLANG_CXX_LANGUAGE_STANDARD = "gnu++20";
				CLANG_ENABLE_MODULES = YES;
				CLANG_ENABLE_OBJC_ARC = YES;
				CLANG_ENABLE_OBJC_WEAK = YES;
				CLANG_WARN_BLOCK_CAPTURE_AUTORELEASING = YES;
				CLANG_WARN_BOOL_CONVERSION = YES;
				CLANG_WARN_COMMA = YES;
				CLANG_WARN_CONSTANT_CONVERSION = YES;
				CLANG_WARN_DEPRECATED_OBJC_IMPLEMENTATIONS = YES;
				CLANG_WARN_DIRECT_OBJC_ISA_USAGE = YES_ERROR;
				CLANG_WARN_DOCUMENTATION_COMMENTS = YES;
				CLANG_WARN_EMPTY_BODY = YES;
				CLANG_WARN_ENUM_CONVERSION = YES;
				CLANG_WARN_INFINITE_RECURSION = YES;
				CLANG_WARN_INT_CONVERSION = YES;
				CLANG_WARN_NON_LITERAL_NULL_CONVERSION = YES;
				CLANG_WARN_OBJC_IMPLICIT_RETAIN_SELF = YES;
				CLANG_WARN_OBJC_LITERAL_CONVERSION = YES;
				CLANG_WARN_OBJC_ROOT_CLASS = YES_ERROR;
				CLANG_WARN_QUOTED_INCLUDE_IN_FRAMEWORK_HEADER = YES;
				CLANG_WARN_RANGE_LOOP_ANALYSIS = YES;
				CLANG_WARN_STRICT_PROTOTYPES = YES;
				CLANG_WARN_SUSPICIOUS_MOVE = YES;
				CLANG_WARN_UNGUARDED_AVAILABILITY = YES_AGGRESSIVE;
				CLANG_WARN_UNREACHABLE_CODE = YES;
				CLANG_WARN__DUPLICATE_METHOD_MATCH = YES;
				COPY_PHASE_STRIP = NO;
				DEBUG_INFORMATION_FORMAT = "dwarf-with-dsym";
				DEVELOPMENT_TEAM = ZH2S7D6PL6;
				ENABLE_NS_ASSERTIONS = NO;
				ENABLE_STRICT_OBJC_MSGSEND = YES;
				ENABLE_USER_SCRIPT_SANDBOXING = NO;
				GCC_C_LANGUAGE_STANDARD = gnu17;
				GCC_NO_COMMON_BLOCKS = YES;
				GCC_WARN_64_TO_32_BIT_CONVERSION = YES;
				GCC_WARN_ABOUT_RETURN_TYPE = YES_ERROR;
				GCC_WARN_UNDECLARED_SELECTOR = YES;
				GCC_WARN_UNINITIALIZED_AUTOS = YES_AGGRESSIVE;
				GCC_WARN_UNUSED_FUNCTION = YES;
				GCC_WARN_UNUSED_VARIABLE = YES;
				LOCALIZATION_PREFERS_STRING_CATALOGS = YES;
				MACOSX_DEPLOYMENT_TARGET = 26.0;
				MTL_ENABLE_DEBUG_INFO = NO;
				MTL_FAST_MATH = YES;
				SDKROOT = macosx;
				SWIFT_COMPILATION_MODE = wholemodule;
			};
			name = Release;
		};
		5C0423A22ECD793000821B50 /* Debug */ = {
			isa = XCBuildConfiguration;
			baseConfigurationReference = 7D031418607FBBB6418EECC7 /* Pods-row1.debug.xcconfig */;
			buildSettings = {
				ASSETCATALOG_COMPILER_APPICON_NAME = AppIcon;
				ASSETCATALOG_COMPILER_GLOBAL_ACCENT_COLOR_NAME = AccentColor;
				CODE_SIGN_ENTITLEMENTS = fastv/fastv.entitlements;
				CODE_SIGN_STYLE = Automatic;
				COMBINE_HIDPI_IMAGES = YES;
				CURRENT_PROJECT_VERSION = 10;
				DEVELOPMENT_TEAM = ZH2S7D6PL6;
				ENABLE_APP_SANDBOX = NO;
				ENABLE_HARDENED_RUNTIME = YES;
				ENABLE_PREVIEWS = YES;
				GENERATE_INFOPLIST_FILE = YES;
				HEADER_SEARCH_PATHS = (
					"$(inherited)",
					"$(SRCROOT)/Libraries/onnxruntime/current/include",
					"$(SRCROOT)/ThirdParty",
					"$(SRCROOT)/ThirdParty/libetpan/include/**",
					/opt/homebrew/include,
				);
				INFOPLIST_KEY_CFBundleDisplayName = "若一智能助手";
				INFOPLIST_KEY_CFBundleShortVersionString = "$(MARKETING_VERSION)";
				INFOPLIST_KEY_CFBundleVersion = "$(CURRENT_PROJECT_VERSION)";
				INFOPLIST_KEY_LSApplicationCategoryType = "public.app-category.utilities";
				INFOPLIST_KEY_NSAppleEventsUsageDescription = "若一智能助手 需要辅助功能权限以监听全局快捷键、访问剪贴板并自动将识别文本插入到其他应用的输入框中。";
				INFOPLIST_KEY_NSHumanReadableCopyright = "";
				INFOPLIST_KEY_NSMicrophoneUsageDescription = "若一智能助手 需要访问您的麦克风以进行语音输入和语音转文字功能。";
				INFOPLIST_KEY_NSRemindersFullAccessUsageDescription = "若一智能助手 需要访问您的提醒事项以同步待办事项到 AI Todo 功能中。应用只会读取未完成的提醒事项，不会修改或删除您的提醒事项。";
				LD_RUNPATH_SEARCH_PATHS = (
					"$(inherited)",
					"@executable_path/../Frameworks",
					"$(SRCROOT)/Libraries/onnxruntime/current/lib",
				);
				LIBRARY_SEARCH_PATHS = (
					"$(inherited)",
					"$(SRCROOT)/Libraries/onnxruntime/current/lib",
					"$(PROJECT_DIR)",
				);
				MACOSX_DEPLOYMENT_TARGET = 14.6;
				MARKETING_VERSION = 1.2.4;
				OTHER_LDFLAGS = (
					"$(inherited)",
					"-lonnxruntime",
				);
				PRODUCT_BUNDLE_IDENTIFIER = com.17push.row1;
				PRODUCT_NAME = row1;
				REGISTER_APP_GROUPS = YES;
				STRING_CATALOG_GENERATE_SYMBOLS = YES;
				SWIFT_APPROACHABLE_CONCURRENCY = YES;
				SWIFT_DEFAULT_ACTOR_ISOLATION = MainActor;
				SWIFT_EMIT_LOC_STRINGS = YES;
				SWIFT_OBJC_BRIDGING_HEADER = "$(SRCROOT)/fastv/Services/ONNXRuntimeBridge.h";
				SWIFT_UPCOMING_FEATURE_MEMBER_IMPORT_VISIBILITY = YES;
				SWIFT_VERSION = 5.0;
			};
			name = Debug;
		};
		5C0423A32ECD793000821B50 /* Release */ = {
			isa = XCBuildConfiguration;
			baseConfigurationReference = DC0B03A35A134716360C9BD8 /* Pods-row1.release.xcconfig */;
			buildSettings = {
				ASSETCATALOG_COMPILER_APPICON_NAME = AppIcon;
				ASSETCATALOG_COMPILER_GLOBAL_ACCENT_COLOR_NAME = AccentColor;
				CODE_SIGN_ENTITLEMENTS = fastv/fastv.entitlements;
				CODE_SIGN_STYLE = Automatic;
				COMBINE_HIDPI_IMAGES = YES;
				CURRENT_PROJECT_VERSION = 10;
				DEVELOPMENT_TEAM = ZH2S7D6PL6;
				ENABLE_APP_SANDBOX = NO;
				ENABLE_HARDENED_RUNTIME = YES;
				ENABLE_PREVIEWS = YES;
				GENERATE_INFOPLIST_FILE = YES;
				HEADER_SEARCH_PATHS = (
					"$(inherited)",
					"$(SRCROOT)/Libraries/onnxruntime/current/include",
					"$(SRCROOT)/ThirdParty",
					"$(SRCROOT)/ThirdParty/libetpan/include/**",
					/opt/homebrew/include,
				);
				INFOPLIST_KEY_CFBundleDisplayName = "若一智能助手";
				INFOPLIST_KEY_CFBundleShortVersionString = "$(MARKETING_VERSION)";
				INFOPLIST_KEY_CFBundleVersion = "$(CURRENT_PROJECT_VERSION)";
				INFOPLIST_KEY_LSApplicationCategoryType = "public.app-category.utilities";
				INFOPLIST_KEY_NSAppleEventsUsageDescription = "若一智能助手 需要辅助功能权限以监听全局快捷键、访问剪贴板并自动将识别文本插入到其他应用的输入框中。";
				INFOPLIST_KEY_NSHumanReadableCopyright = "";
				INFOPLIST_KEY_NSMicrophoneUsageDescription = "若一智能助手 需要访问您的麦克风以进行语音输入和语音转文字功能。";
				INFOPLIST_KEY_NSRemindersFullAccessUsageDescription = "若一智能助手 需要访问您的提醒事项以同步待办事项到 AI Todo 功能中。应用只会读取未完成的提醒事项，不会修改或删除您的提醒事项。";
				LD_RUNPATH_SEARCH_PATHS = (
					"$(inherited)",
					"@executable_path/../Frameworks",
					"$(SRCROOT)/Libraries/onnxruntime/current/lib",
				);
				LIBRARY_SEARCH_PATHS = (
					"$(inherited)",
					"$(SRCROOT)/Libraries/onnxruntime/current/lib",
					"$(PROJECT_DIR)",
				);
				MACOSX_DEPLOYMENT_TARGET = 14.6;
				MARKETING_VERSION = 1.2.4;
				OTHER_LDFLAGS = (
					"$(inherited)",
					"-lonnxruntime",
				);
				PRODUCT_BUNDLE_IDENTIFIER = com.17push.row1;
				PRODUCT_NAME = row1;
				REGISTER_APP_GROUPS = YES;
				STRING_CATALOG_GENERATE_SYMBOLS = YES;
				SWIFT_APPROACHABLE_CONCURRENCY = YES;
				SWIFT_DEFAULT_ACTOR_ISOLATION = MainActor;
				SWIFT_EMIT_LOC_STRINGS = YES;
				SWIFT_OBJC_BRIDGING_HEADER = "$(SRCROOT)/fastv/Services/ONNXRuntimeBridge.h";
				SWIFT_UPCOMING_FEATURE_MEMBER_IMPORT_VISIBILITY = YES;
				SWIFT_VERSION = 5.0;
			};
			name = Release;
		};
		5C0423A52ECD793000821B50 /* Debug */ = {
			isa = XCBuildConfiguration;
			buildSettings = {
				BUNDLE_LOADER = "$(TEST_HOST)";
				CODE_SIGN_ENTITLEMENTS = fastv/fastv.entitlements;
				CODE_SIGN_STYLE = Automatic;
				CURRENT_PROJECT_VERSION = 1;
				DEVELOPMENT_TEAM = ZH2S7D6PL6;
				GENERATE_INFOPLIST_FILE = YES;
				LIBRARY_SEARCH_PATHS = (
					"$(inherited)",
					"$(PROJECT_DIR)",
				);
				MACOSX_DEPLOYMENT_TARGET = 26.0;
				MARKETING_VERSION = 1.0;
				PRODUCT_BUNDLE_IDENTIFIER = com.wxside.fastv2Tests;
				PRODUCT_NAME = typecho;
				STRING_CATALOG_GENERATE_SYMBOLS = NO;
				SWIFT_APPROACHABLE_CONCURRENCY = YES;
				SWIFT_EMIT_LOC_STRINGS = NO;
				SWIFT_UPCOMING_FEATURE_MEMBER_IMPORT_VISIBILITY = YES;
				SWIFT_VERSION = 5.0;
				TEST_HOST = "$(BUILT_PRODUCTS_DIR)/fastv.app/$(BUNDLE_EXECUTABLE_FOLDER_PATH)/fastv";
			};
			name = Debug;
		};
		5C0423A62ECD793000821B50 /* Release */ = {
			isa = XCBuildConfiguration;
			buildSettings = {
				BUNDLE_LOADER = "$(TEST_HOST)";
				CODE_SIGN_ENTITLEMENTS = fastv/fastv.entitlements;
				CODE_SIGN_STYLE = Automatic;
				CURRENT_PROJECT_VERSION = 1;
				DEVELOPMENT_TEAM = ZH2S7D6PL6;
				GENERATE_INFOPLIST_FILE = YES;
				LIBRARY_SEARCH_PATHS = (
					"$(inherited)",
					"$(PROJECT_DIR)",
				);
				MACOSX_DEPLOYMENT_TARGET = 26.0;
				MARKETING_VERSION = 1.0;
				PRODUCT_BUNDLE_IDENTIFIER = com.wxside.fastv2Tests;
				PRODUCT_NAME = typecho;
				STRING_CATALOG_GENERATE_SYMBOLS = NO;
				SWIFT_APPROACHABLE_CONCURRENCY = YES;
				SWIFT_EMIT_LOC_STRINGS = NO;
				SWIFT_UPCOMING_FEATURE_MEMBER_IMPORT_VISIBILITY = YES;
				SWIFT_VERSION = 5.0;
				TEST_HOST = "$(BUILT_PRODUCTS_DIR)/fastv.app/$(BUNDLE_EXECUTABLE_FOLDER_PATH)/fastv";
			};
			name = Release;
		};
		5C0423A82ECD793000821B50 /* Debug */ = {
			isa = XCBuildConfiguration;
			buildSettings = {
				CODE_SIGN_ENTITLEMENTS = fastv/fastv.entitlements;
				CODE_SIGN_STYLE = Automatic;
				CURRENT_PROJECT_VERSION = 1;
				DEVELOPMENT_TEAM = ZH2S7D6PL6;
				GENERATE_INFOPLIST_FILE = YES;
				MARKETING_VERSION = 1.0;
				PRODUCT_BUNDLE_IDENTIFIER = com.wxside.fastv2UITests;
				PRODUCT_NAME = typecho;
				STRING_CATALOG_GENERATE_SYMBOLS = NO;
				SWIFT_APPROACHABLE_CONCURRENCY = YES;
				SWIFT_EMIT_LOC_STRINGS = NO;
				SWIFT_UPCOMING_FEATURE_MEMBER_IMPORT_VISIBILITY = YES;
				SWIFT_VERSION = 5.0;
				TEST_TARGET_NAME = fastv;
			};
			name = Debug;
		};
		5C0423A92ECD793000821B50 /* Release */ = {
			isa = XCBuildConfiguration;
			buildSettings = {
				CODE_SIGN_ENTITLEMENTS = fastv/fastv.entitlements;
				CODE_SIGN_STYLE = Automatic;
				CURRENT_PROJECT_VERSION = 1;
				DEVELOPMENT_TEAM = ZH2S7D6PL6;
				GENERATE_INFOPLIST_FILE = YES;
				MARKETING_VERSION = 1.0;
				PRODUCT_BUNDLE_IDENTIFIER = com.wxside.fastv2UITests;
				PRODUCT_NAME = typecho;
				STRING_CATALOG_GENERATE_SYMBOLS = NO;
				SWIFT_APPROACHABLE_CONCURRENCY = YES;
				SWIFT_EMIT_LOC_STRINGS = NO;
				SWIFT_UPCOMING_FEATURE_MEMBER_IMPORT_VISIBILITY = YES;
				SWIFT_VERSION = 5.0;
				TEST_TARGET_NAME = fastv;
			};
			name = Release;
		};
/* End XCBuildConfiguration section */

/* Begin XCConfigurationList section */
		5C0423792ECD792D00821B50 /* Build configuration list for PBXProject "fastv" */ = {
			isa = XCConfigurationList;
			buildConfigurations = (
				5C04239F2ECD793000821B50 /* Debug */,
				5C0423A02ECD793000821B50 /* Release */,
			);
			defaultConfigurationIsVisible = 0;
			defaultConfigurationName = Release;
		};
		5C0423A12ECD793000821B50 /* Build configuration list for PBXNativeTarget "row1" */ = {
			isa = XCConfigurationList;
			buildConfigurations = (
				5C0423A22ECD793000821B50 /* Debug */,
				5C0423A32ECD793000821B50 /* Release */,
			);
			defaultConfigurationIsVisible = 0;
			defaultConfigurationName = Release;
		};
		5C0423A42ECD793000821B50 /* Build configuration list for PBXNativeTarget "fastvTests" */ = {
			isa = XCConfigurationList;
			buildConfigurations = (
				5C0423A52ECD793000821B50 /* Debug */,
				5C0423A62ECD793000821B50 /* Release */,
			);
			defaultConfigurationIsVisible = 0;
			defaultConfigurationName = Release;
		};
		5C0423A72ECD793000821B50 /* Build configuration list for PBXNativeTarget "fastvUITests" */ = {
			isa = XCConfigurationList;
			buildConfigurations = (
				5C0423A82ECD793000821B50 /* Debug */,
				5C0423A92ECD793000821B50 /* Release */,
			);
			defaultConfigurationIsVisible = 0;
			defaultConfigurationName = Release;
		};
/* End XCConfigurationList section */
	};
	rootObject = 5C0423762ECD792D00821B50 /* Project object */;
}
